{
  "lockfile_version": "1",
  "packages": {
    "github:NixOS/nixpkgs/nixpkgs-unstable": {
      "resolved": "github:NixOS/nixpkgs/6c5963357f3c1c840201eda129a99d455074db04?lastModified=1743076231&narHash=sha256-yQugdVfi316qUfqzN8JMaA2vixl%2B45GxNm4oUfXlbgw%3D"
    },
    "go-task@latest": {
      "last_modified": "2025-03-11T17:52:14Z",
      "resolved": "github:NixOS/nixpkgs/0d534853a55b5d02a4ababa1d71921ce8f0aee4c#go-task",
      "source": "devbox-search",
      "version": "3.41.0",
      "systems": {
        "aarch64-darwin": {
          "outputs": [
            {
              "name": "out",
              "path": "/nix/store/kgfbhsp4ixr3kl5m2vhciw8v13czfml6-go-task-3.41.0",
              "default": true
            }
          ],
          "store_path": "/nix/store/kgfbhsp4ixr3kl5m2vhciw8v13czfml6-go-task-3.41.0"
        },
        "aarch64-linux": {
          "outputs": [
            {
              "name": "out",
              "path": "/nix/store/sr9j2rbzia0hq62k5gkwhk0bcmb14ywh-go-task-3.41.0",
              "default": true
            }
          ],
          "store_path": "/nix/store/sr9j2rbzia0hq62k5gkwhk0bcmb14ywh-go-task-3.41.0"
        },
        "x86_64-darwin": {
          "outputs": [
            {
              "name": "out",
              "path": "/nix/store/zgj5m7kkmkml6yg3v4xy0m7ln95z03s3-go-task-3.41.0",
              "default": true
            }
          ],
          "store_path": "/nix/store/zgj5m7kkmkml6yg3v4xy0m7ln95z03s3-go-task-3.41.0"
        },
        "x86_64-linux": {
          "outputs": [
            {
              "name": "out",
              "path": "/nix/store/5q8536rllwzmf8gf6h0jw678pxy7ndbx-go-task-3.41.0",
              "default": true
            }
          ],
          "store_path": "/nix/store/5q8536rllwzmf8gf6h0jw678pxy7ndbx-go-task-3.41.0"
        }
      }
    },
    "nil@latest": {
      "last_modified": "2025-03-21T08:42:37Z",
      "resolved": "github:NixOS/nixpkgs/bfa9810ff7104a17555ab68ebdeafb6705f129b1#nil",
      "source": "devbox-search",
      "version": "2024-08-06",
      "systems": {
        "aarch64-darwin": {
          "outputs": [
            {
              "name": "out",
              "path": "/nix/store/018q5k5lnagwp0cjz2d531j14zvj8waq-nil-2024-08-06",
              "default": true
            }
          ],
          "store_path": "/nix/store/018q5k5lnagwp0cjz2d531j14zvj8waq-nil-2024-08-06"
        },
        "aarch64-linux": {
          "outputs": [
            {
              "name": "out",
              "path": "/nix/store/cmnqpyy00m32vjflly3h71yqxy9qzjpz-nil-2024-08-06",
              "default": true
            }
          ],
          "store_path": "/nix/store/cmnqpyy00m32vjflly3h71yqxy9qzjpz-nil-2024-08-06"
        },
        "x86_64-darwin": {
          "outputs": [
            {
              "name": "out",
              "path": "/nix/store/m6qfnhkaiizc5cc1sbcj6q7djjrb8nqh-nil-2024-08-06",
              "default": true
            }
          ],
          "store_path": "/nix/store/m6qfnhkaiizc5cc1sbcj6q7djjrb8nqh-nil-2024-08-06"
        },
        "x86_64-linux": {
          "outputs": [
            {
              "name": "out",
              "path": "/nix/store/bfz89cjgl9bn6qf79ig0m6vbz9ia8cp8-nil-2024-08-06",
              "default": true
            }
          ],
          "store_path": "/nix/store/bfz89cjgl9bn6qf79ig0m6vbz9ia8cp8-nil-2024-08-06"
        }
      }
    },
    "nixfmt-rfc-style@latest": {
      "last_modified": "2025-03-11T17:52:14Z",
      "resolved": "github:NixOS/nixpkgs/0d534853a55b5d02a4ababa1d71921ce8f0aee4c#nixfmt-rfc-style",
      "source": "devbox-search",
      "version": "2025-03-03",
      "systems": {
        "aarch64-darwin": {
          "outputs": [
            {
              "name": "out",
              "path": "/nix/store/kp0zf7932mn4alsn8m8gcib2lvm83h26-nixfmt-unstable-2025-03-03",
              "default": true
            }
          ],
          "store_path": "/nix/store/kp0zf7932mn4alsn8m8gcib2lvm83h26-nixfmt-unstable-2025-03-03"
        },
        "aarch64-linux": {
          "outputs": [
            {
              "name": "out",
              "path": "/nix/store/s9j2dkg8q9zds0mf1axzv4xlala7qhdv-nixfmt-unstable-2025-03-03",
              "default": true
            }
          ],
          "store_path": "/nix/store/s9j2dkg8q9zds0mf1axzv4xlala7qhdv-nixfmt-unstable-2025-03-03"
        },
        "x86_64-darwin": {
          "outputs": [
            {
              "name": "out",
              "path": "/nix/store/ac9d28azwkwylwn07lmkl1ya3q5nd851-nixfmt-unstable-2025-03-03",
              "default": true
            }
          ],
          "store_path": "/nix/store/ac9d28azwkwylwn07lmkl1ya3q5nd851-nixfmt-unstable-2025-03-03"
        },
        "x86_64-linux": {
          "outputs": [
            {
              "name": "out",
              "path": "/nix/store/pygwzn2fazaak1dlhc1j0msjnra07jj4-nixfmt-unstable-2025-03-03",
              "default": true
            }
          ],
          "store_path": "/nix/store/pygwzn2fazaak1dlhc1j0msjnra07jj4-nixfmt-unstable-2025-03-03"
        }
      }
    },
    "nixos-rebuild": {
      "resolved": "github:NixOS/nixpkgs/75a52265bda7fd25e06e3a67dee3f0354e73243c#nixos-rebuild",
      "source": "nixpkg",
      "systems": {
        "x86_64-linux": {
          "outputs": [
            {
              "path": "/nix/store/wrw2ws5k7fs71jdc49i674jswx6x1gjz-nixos-rebuild",
              "default": true
            }
          ]
        }
      }
    },
    "statix@latest": {
      "last_modified": "2025-03-11T17:52:14Z",
      "resolved": "github:NixOS/nixpkgs/0d534853a55b5d02a4ababa1d71921ce8f0aee4c#statix",
      "source": "devbox-search",
      "version": "0.5.8",
      "systems": {
        "aarch64-darwin": {
          "outputs": [
            {
              "name": "out",
              "path": "/nix/store/3rr10pzcj0h3kpj3nld0ssfs2y4fkvlf-statix-0.5.8",
              "default": true
            }
          ],
          "store_path": "/nix/store/3rr10pzcj0h3kpj3nld0ssfs2y4fkvlf-statix-0.5.8"
        },
        "aarch64-linux": {
          "outputs": [
            {
              "name": "out",
              "path": "/nix/store/3n7ysjjj3idfsbiga10akm960xs187cv-statix-0.5.8",
              "default": true
            }
          ],
          "store_path": "/nix/store/3n7ysjjj3idfsbiga10akm960xs187cv-statix-0.5.8"
        },
        "x86_64-darwin": {
          "outputs": [
            {
              "name": "out",
              "path": "/nix/store/d06f0cfbq8ld14p1fwqsxlvay5lwf8qh-statix-0.5.8",
              "default": true
            }
          ],
          "store_path": "/nix/store/d06f0cfbq8ld14p1fwqsxlvay5lwf8qh-statix-0.5.8"
        },
        "x86_64-linux": {
          "outputs": [
            {
              "name": "out",
              "path": "/nix/store/hg1i0kd0xpdilsdrwl6mm37d90r790qi-statix-0.5.8",
              "default": true
            }
          ],
          "store_path": "/nix/store/hg1i0kd0xpdilsdrwl6mm37d90r790qi-statix-0.5.8"
        }
      }
    }
  }
}
